
Microsoft Visual Studio Solution File, Format Version 12.00
# Visual Studio Version 17
VisualStudioVersion = 17.7.34221.43
MinimumVisualStudioVersion = 10.0.40219.1
Project("{FAE04EC0-301F-11D3-BF4B-00C04F79EFBC}") = "CopeModToolDoW2", "CopeModToolDoW2\CopeModToolDoW2.csproj", "{57AF88A5-3133-41DD-AA81-EFA6D0344F45}"
	ProjectSection(ProjectDependencies) = postProject
		{23F0AE0C-A148-409B-8603-DB736D306C3A} = {23F0AE0C-A148-409B-8603-DB736D306C3A}
		{30B7B116-25A6-4C13-8B67-3A3CAE3573F7} = {30B7B116-25A6-4C13-8B67-3A3CAE3573F7}
		{3F789A7D-B584-45C7-885E-E5052B74E1A1} = {3F789A7D-B584-45C7-885E-E5052B74E1A1}
		{45FBEFB6-5708-4A29-9664-69725B601F5F} = {45FBEFB6-5708-4A29-9664-69725B601F5F}
		{4CF44F5E-4B15-4A78-9780-2D9202F9E3EE} = {4CF44F5E-4B15-4A78-9780-2D9202F9E3EE}
		{5860694A-E885-4119-AB4A-3BE558EC6224} = {5860694A-E885-4119-AB4A-3BE558EC6224}
		{B5EF801B-0640-4C29-90D9-9AF47A80A0C3} = {B5EF801B-0640-4C29-90D9-9AF47A80A0C3}
	EndProjectSection
EndProject
Project("{FAE04EC0-301F-11D3-BF4B-00C04F79EFBC}") = "RBFEditorPlugin", "RBFEditorPlugin\RBFEditorPlugin.csproj", "{E43974C5-8841-4BBA-9315-BBD703C9548F}"
	ProjectSection(ProjectDependencies) = postProject
		{23F0AE0C-A148-409B-8603-DB736D306C3A} = {23F0AE0C-A148-409B-8603-DB736D306C3A}
		{30B7B116-25A6-4C13-8B67-3A3CAE3573F7} = {30B7B116-25A6-4C13-8B67-3A3CAE3573F7}
		{3F789A7D-B584-45C7-885E-E5052B74E1A1} = {3F789A7D-B584-45C7-885E-E5052B74E1A1}
		{45FBEFB6-5708-4A29-9664-69725B601F5F} = {45FBEFB6-5708-4A29-9664-69725B601F5F}
		{4CF44F5E-4B15-4A78-9780-2D9202F9E3EE} = {4CF44F5E-4B15-4A78-9780-2D9202F9E3EE}
		{5860694A-E885-4119-AB4A-3BE558EC6224} = {5860694A-E885-4119-AB4A-3BE558EC6224}
		{B5EF801B-0640-4C29-90D9-9AF47A80A0C3} = {B5EF801B-0640-4C29-90D9-9AF47A80A0C3}
	EndProjectSection
EndProject
Project("{FAE04EC0-301F-11D3-BF4B-00C04F79EFBC}") = "CopeCore", "CopeShared\CopeCore.csproj", "{4BF1F3D8-9DAC-4FAF-9427-5109D1495D8A}"
	ProjectSection(ProjectDependencies) = postProject
		{23F0AE0C-A148-409B-8603-DB736D306C3A} = {23F0AE0C-A148-409B-8603-DB736D306C3A}
		{30B7B116-25A6-4C13-8B67-3A3CAE3573F7} = {30B7B116-25A6-4C13-8B67-3A3CAE3573F7}
		{3F789A7D-B584-45C7-885E-E5052B74E1A1} = {3F789A7D-B584-45C7-885E-E5052B74E1A1}
		{45FBEFB6-5708-4A29-9664-69725B601F5F} = {45FBEFB6-5708-4A29-9664-69725B601F5F}
		{4CF44F5E-4B15-4A78-9780-2D9202F9E3EE} = {4CF44F5E-4B15-4A78-9780-2D9202F9E3EE}
		{5860694A-E885-4119-AB4A-3BE558EC6224} = {5860694A-E885-4119-AB4A-3BE558EC6224}
		{B5EF801B-0640-4C29-90D9-9AF47A80A0C3} = {B5EF801B-0640-4C29-90D9-9AF47A80A0C3}
	EndProjectSection
EndProject
Project("{FAE04EC0-301F-11D3-BF4B-00C04F79EFBC}") = "ImageViewerPlugin", "ImageViewerPlugin\ImageViewerPlugin.csproj", "{90F6F0D4-7961-4D0E-BB4B-CAC6DE9D0157}"
	ProjectSection(ProjectDependencies) = postProject
		{23F0AE0C-A148-409B-8603-DB736D306C3A} = {23F0AE0C-A148-409B-8603-DB736D306C3A}
		{30B7B116-25A6-4C13-8B67-3A3CAE3573F7} = {30B7B116-25A6-4C13-8B67-3A3CAE3573F7}
		{3F789A7D-B584-45C7-885E-E5052B74E1A1} = {3F789A7D-B584-45C7-885E-E5052B74E1A1}
		{45FBEFB6-5708-4A29-9664-69725B601F5F} = {45FBEFB6-5708-4A29-9664-69725B601F5F}
		{4CF44F5E-4B15-4A78-9780-2D9202F9E3EE} = {4CF44F5E-4B15-4A78-9780-2D9202F9E3EE}
		{5860694A-E885-4119-AB4A-3BE558EC6224} = {5860694A-E885-4119-AB4A-3BE558EC6224}
		{B5EF801B-0640-4C29-90D9-9AF47A80A0C3} = {B5EF801B-0640-4C29-90D9-9AF47A80A0C3}
	EndProjectSection
EndProject
Project("{FAE04EC0-301F-11D3-BF4B-00C04F79EFBC}") = "ModDebug", "ModDebug\ModDebug.csproj", "{4B5D3E68-F628-43E6-9609-B573BC1EC020}"
	ProjectSection(ProjectDependencies) = postProject
		{23F0AE0C-A148-409B-8603-DB736D306C3A} = {23F0AE0C-A148-409B-8603-DB736D306C3A}
		{30B7B116-25A6-4C13-8B67-3A3CAE3573F7} = {30B7B116-25A6-4C13-8B67-3A3CAE3573F7}
		{3F789A7D-B584-45C7-885E-E5052B74E1A1} = {3F789A7D-B584-45C7-885E-E5052B74E1A1}
		{45FBEFB6-5708-4A29-9664-69725B601F5F} = {45FBEFB6-5708-4A29-9664-69725B601F5F}
		{4CF44F5E-4B15-4A78-9780-2D9202F9E3EE} = {4CF44F5E-4B15-4A78-9780-2D9202F9E3EE}
		{5860694A-E885-4119-AB4A-3BE558EC6224} = {5860694A-E885-4119-AB4A-3BE558EC6224}
		{B5EF801B-0640-4C29-90D9-9AF47A80A0C3} = {B5EF801B-0640-4C29-90D9-9AF47A80A0C3}
	EndProjectSection
EndProject
Project("{FAE04EC0-301F-11D3-BF4B-00C04F79EFBC}") = "ScarPlugin", "ScarPlugin\ScarPlugin.csproj", "{FF044EA1-3442-460F-99C0-113A5BF6880C}"
	ProjectSection(ProjectDependencies) = postProject
		{23F0AE0C-A148-409B-8603-DB736D306C3A} = {23F0AE0C-A148-409B-8603-DB736D306C3A}
		{30B7B116-25A6-4C13-8B67-3A3CAE3573F7} = {30B7B116-25A6-4C13-8B67-3A3CAE3573F7}
		{3F789A7D-B584-45C7-885E-E5052B74E1A1} = {3F789A7D-B584-45C7-885E-E5052B74E1A1}
		{45FBEFB6-5708-4A29-9664-69725B601F5F} = {45FBEFB6-5708-4A29-9664-69725B601F5F}
		{4CF44F5E-4B15-4A78-9780-2D9202F9E3EE} = {4CF44F5E-4B15-4A78-9780-2D9202F9E3EE}
		{5860694A-E885-4119-AB4A-3BE558EC6224} = {5860694A-E885-4119-AB4A-3BE558EC6224}
		{B5EF801B-0640-4C29-90D9-9AF47A80A0C3} = {B5EF801B-0640-4C29-90D9-9AF47A80A0C3}
	EndProjectSection
EndProject
Project("{2150E333-8FDC-42A3-9474-1A3956D46DE8}") = "Solution Items", "Solution Items", "{35812AEC-02CB-4FFB-8564-1D04B9AB7394}"
	ProjectSection(SolutionItems) = preProject
		BUILD.txt = BUILD.txt
		LICENSE.txt = LICENSE.txt
	EndProjectSection
EndProject
Project("{FAE04EC0-301F-11D3-BF4B-00C04F79EFBC}") = "cope", "CopeFramework\cope\cope.csproj", "{45FBEFB6-5708-4A29-9664-69725B601F5F}"
EndProject
Project("{FAE04EC0-301F-11D3-BF4B-00C04F79EFBC}") = "cope.DawnOfWar2", "CopeFramework\cope.DawnOfWar2\cope.DawnOfWar2.csproj", "{5860694A-E885-4119-AB4A-3BE558EC6224}"
EndProject
Project("{FAE04EC0-301F-11D3-BF4B-00C04F79EFBC}") = "cope.Debug", "CopeFramework\cope.Debug\cope.Debug.csproj", "{B5EF801B-0640-4C29-90D9-9AF47A80A0C3}"
EndProject
Project("{FAE04EC0-301F-11D3-BF4B-00C04F79EFBC}") = "cope.FOB", "CopeFramework\cope.FOB\cope.FOB.csproj", "{4CF44F5E-4B15-4A78-9780-2D9202F9E3EE}"
EndProject
Project("{FAE04EC0-301F-11D3-BF4B-00C04F79EFBC}") = "cope.Graphics", "CopeFramework\cope.Graphics\cope.Graphics.csproj", "{23F0AE0C-A148-409B-8603-DB736D306C3A}"
EndProject
Project("{FAE04EC0-301F-11D3-BF4B-00C04F79EFBC}") = "cope.Maths", "CopeFramework\cope.Maths\cope.Maths.csproj", "{3F789A7D-B584-45C7-885E-E5052B74E1A1}"
EndProject
Project("{FAE04EC0-301F-11D3-BF4B-00C04F79EFBC}") = "cope.Relic", "CopeFramework\cope.Relic\cope.Relic.csproj", "{30B7B116-25A6-4C13-8B67-3A3CAE3573F7}"
EndProject
Project("{2150E333-8FDC-42A3-9474-1A3956D46DE8}") = "CopeFramework", "CopeFramework", "{9101D86C-EA3E-4B9E-BE24-41C8FFCD3191}"
EndProject
Global
	GlobalSection(SolutionConfigurationPlatforms) = preSolution
		Debug|Any CPU = Debug|Any CPU
		Debug|x86 = Debug|x86
		Release|Any CPU = Release|Any CPU
		Release|x86 = Release|x86
	EndGlobalSection
	GlobalSection(ProjectConfigurationPlatforms) = postSolution
		{57AF88A5-3133-41DD-AA81-EFA6D0344F45}.Debug|Any CPU.ActiveCfg = Debug|Any CPU
		{57AF88A5-3133-41DD-AA81-EFA6D0344F45}.Debug|Any CPU.Build.0 = Debug|Any CPU
		{57AF88A5-3133-41DD-AA81-EFA6D0344F45}.Debug|x86.ActiveCfg = Debug|x86
		{57AF88A5-3133-41DD-AA81-EFA6D0344F45}.Debug|x86.Build.0 = Debug|x86
		{57AF88A5-3133-41DD-AA81-EFA6D0344F45}.Release|Any CPU.ActiveCfg = Release|Any CPU
		{57AF88A5-3133-41DD-AA81-EFA6D0344F45}.Release|Any CPU.Build.0 = Release|Any CPU
		{57AF88A5-3133-41DD-AA81-EFA6D0344F45}.Release|x86.ActiveCfg = Release|x86
		{57AF88A5-3133-41DD-AA81-EFA6D0344F45}.Release|x86.Build.0 = Release|x86
		{E43974C5-8841-4BBA-9315-BBD703C9548F}.Debug|Any CPU.ActiveCfg = Debug|Any CPU
		{E43974C5-8841-4BBA-9315-BBD703C9548F}.Debug|Any CPU.Build.0 = Debug|Any CPU
		{E43974C5-8841-4BBA-9315-BBD703C9548F}.Debug|x86.ActiveCfg = Debug|x86
		{E43974C5-8841-4BBA-9315-BBD703C9548F}.Debug|x86.Build.0 = Debug|x86
		{E43974C5-8841-4BBA-9315-BBD703C9548F}.Release|Any CPU.ActiveCfg = Release|Any CPU
		{E43974C5-8841-4BBA-9315-BBD703C9548F}.Release|Any CPU.Build.0 = Release|Any CPU
		{E43974C5-8841-4BBA-9315-BBD703C9548F}.Release|x86.ActiveCfg = Release|x86
		{E43974C5-8841-4BBA-9315-BBD703C9548F}.Release|x86.Build.0 = Release|x86
		{4BF1F3D8-9DAC-4FAF-9427-5109D1495D8A}.Debug|Any CPU.ActiveCfg = Debug|Any CPU
		{4BF1F3D8-9DAC-4FAF-9427-5109D1495D8A}.Debug|Any CPU.Build.0 = Debug|Any CPU
		{4BF1F3D8-9DAC-4FAF-9427-5109D1495D8A}.Debug|x86.ActiveCfg = Debug|x86
		{4BF1F3D8-9DAC-4FAF-9427-5109D1495D8A}.Debug|x86.Build.0 = Debug|x86
		{4BF1F3D8-9DAC-4FAF-9427-5109D1495D8A}.Release|Any CPU.ActiveCfg = Release|Any CPU
		{4BF1F3D8-9DAC-4FAF-9427-5109D1495D8A}.Release|Any CPU.Build.0 = Release|Any CPU
		{4BF1F3D8-9DAC-4FAF-9427-5109D1495D8A}.Release|x86.ActiveCfg = Release|x86
		{4BF1F3D8-9DAC-4FAF-9427-5109D1495D8A}.Release|x86.Build.0 = Release|x86
		{90F6F0D4-7961-4D0E-BB4B-CAC6DE9D0157}.Debug|Any CPU.ActiveCfg = Debug|Any CPU
		{90F6F0D4-7961-4D0E-BB4B-CAC6DE9D0157}.Debug|Any CPU.Build.0 = Debug|Any CPU
		{90F6F0D4-7961-4D0E-BB4B-CAC6DE9D0157}.Debug|x86.ActiveCfg = Debug|x86
		{90F6F0D4-7961-4D0E-BB4B-CAC6DE9D0157}.Debug|x86.Build.0 = Debug|x86
		{90F6F0D4-7961-4D0E-BB4B-CAC6DE9D0157}.Release|Any CPU.ActiveCfg = Release|Any CPU
		{90F6F0D4-7961-4D0E-BB4B-CAC6DE9D0157}.Release|Any CPU.Build.0 = Release|Any CPU
		{90F6F0D4-7961-4D0E-BB4B-CAC6DE9D0157}.Release|x86.ActiveCfg = Release|x86
		{90F6F0D4-7961-4D0E-BB4B-CAC6DE9D0157}.Release|x86.Build.0 = Release|x86
		{4B5D3E68-F628-43E6-9609-B573BC1EC020}.Debug|Any CPU.ActiveCfg = Debug|Any CPU
		{4B5D3E68-F628-43E6-9609-B573BC1EC020}.Debug|Any CPU.Build.0 = Debug|Any CPU
		{4B5D3E68-F628-43E6-9609-B573BC1EC020}.Debug|x86.ActiveCfg = Debug|x86
		{4B5D3E68-F628-43E6-9609-B573BC1EC020}.Debug|x86.Build.0 = Debug|x86
		{4B5D3E68-F628-43E6-9609-B573BC1EC020}.Release|Any CPU.ActiveCfg = Release|Any CPU
		{4B5D3E68-F628-43E6-9609-B573BC1EC020}.Release|Any CPU.Build.0 = Release|Any CPU
		{4B5D3E68-F628-43E6-9609-B573BC1EC020}.Release|x86.ActiveCfg = Release|x86
		{4B5D3E68-F628-43E6-9609-B573BC1EC020}.Release|x86.Build.0 = Release|x86
		{FF044EA1-3442-460F-99C0-113A5BF6880C}.Debug|Any CPU.ActiveCfg = Debug|Any CPU
		{FF044EA1-3442-460F-99C0-113A5BF6880C}.Debug|Any CPU.Build.0 = Debug|Any CPU
		{FF044EA1-3442-460F-99C0-113A5BF6880C}.Debug|x86.ActiveCfg = Debug|x86
		{FF044EA1-3442-460F-99C0-113A5BF6880C}.Debug|x86.Build.0 = Debug|x86
		{FF044EA1-3442-460F-99C0-113A5BF6880C}.Release|Any CPU.ActiveCfg = Release|Any CPU
		{FF044EA1-3442-460F-99C0-113A5BF6880C}.Release|Any CPU.Build.0 = Release|Any CPU
		{FF044EA1-3442-460F-99C0-113A5BF6880C}.Release|x86.ActiveCfg = Release|x86
		{45FBEFB6-5708-4A29-9664-69725B601F5F}.Debug|Any CPU.ActiveCfg = Debug|Any CPU
		{45FBEFB6-5708-4A29-9664-69725B601F5F}.Debug|Any CPU.Build.0 = Debug|Any CPU
		{45FBEFB6-5708-4A29-9664-69725B601F5F}.Debug|x86.ActiveCfg = Debug|x86
		{45FBEFB6-5708-4A29-9664-69725B601F5F}.Debug|x86.Build.0 = Debug|x86
		{45FBEFB6-5708-4A29-9664-69725B601F5F}.Release|Any CPU.ActiveCfg = Release|Any CPU
		{45FBEFB6-5708-4A29-9664-69725B601F5F}.Release|Any CPU.Build.0 = Release|Any CPU
		{45FBEFB6-5708-4A29-9664-69725B601F5F}.Release|x86.ActiveCfg = Release|x86
		{45FBEFB6-5708-4A29-9664-69725B601F5F}.Release|x86.Build.0 = Release|x86
		{5860694A-E885-4119-AB4A-3BE558EC6224}.Debug|Any CPU.ActiveCfg = Debug|Any CPU
		{5860694A-E885-4119-AB4A-3BE558EC6224}.Debug|Any CPU.Build.0 = Debug|Any CPU
		{5860694A-E885-4119-AB4A-3BE558EC6224}.Debug|x86.ActiveCfg = Debug|x86
		{5860694A-E885-4119-AB4A-3BE558EC6224}.Debug|x86.Build.0 = Debug|x86
		{5860694A-E885-4119-AB4A-3BE558EC6224}.Release|Any CPU.ActiveCfg = Release|Any CPU
		{5860694A-E885-4119-AB4A-3BE558EC6224}.Release|Any CPU.Build.0 = Release|Any CPU
		{5860694A-E885-4119-AB4A-3BE558EC6224}.Release|x86.ActiveCfg = Release|x86
		{5860694A-E885-4119-AB4A-3BE558EC6224}.Release|x86.Build.0 = Release|x86
		{B5EF801B-0640-4C29-90D9-9AF47A80A0C3}.Debug|Any CPU.ActiveCfg = Debug|Any CPU
		{B5EF801B-0640-4C29-90D9-9AF47A80A0C3}.Debug|Any CPU.Build.0 = Debug|Any CPU
		{B5EF801B-0640-4C29-90D9-9AF47A80A0C3}.Debug|x86.ActiveCfg = Debug|x86
		{B5EF801B-0640-4C29-90D9-9AF47A80A0C3}.Debug|x86.Build.0 = Debug|x86
		{B5EF801B-0640-4C29-90D9-9AF47A80A0C3}.Release|Any CPU.ActiveCfg = Release|Any CPU
		{B5EF801B-0640-4C29-90D9-9AF47A80A0C3}.Release|Any CPU.Build.0 = Release|Any CPU
		{B5EF801B-0640-4C29-90D9-9AF47A80A0C3}.Release|x86.ActiveCfg = Release|x86
		{B5EF801B-0640-4C29-90D9-9AF47A80A0C3}.Release|x86.Build.0 = Release|x86
		{4CF44F5E-4B15-4A78-9780-2D9202F9E3EE}.Debug|Any CPU.ActiveCfg = Debug|Any CPU
		{4CF44F5E-4B15-4A78-9780-2D9202F9E3EE}.Debug|Any CPU.Build.0 = Debug|Any CPU
		{4CF44F5E-4B15-4A78-9780-2D9202F9E3EE}.Debug|x86.ActiveCfg = Debug|x86
		{4CF44F5E-4B15-4A78-9780-2D9202F9E3EE}.Debug|x86.Build.0 = Debug|x86
		{4CF44F5E-4B15-4A78-9780-2D9202F9E3EE}.Release|Any CPU.ActiveCfg = Release|Any CPU
		{4CF44F5E-4B15-4A78-9780-2D9202F9E3EE}.Release|Any CPU.Build.0 = Release|Any CPU
		{4CF44F5E-4B15-4A78-9780-2D9202F9E3EE}.Release|x86.ActiveCfg = Release|x86
		{4CF44F5E-4B15-4A78-9780-2D9202F9E3EE}.Release|x86.Build.0 = Release|x86
		{23F0AE0C-A148-409B-8603-DB736D306C3A}.Debug|Any CPU.ActiveCfg = Debug|Any CPU
		{23F0AE0C-A148-409B-8603-DB736D306C3A}.Debug|Any CPU.Build.0 = Debug|Any CPU
		{23F0AE0C-A148-409B-8603-DB736D306C3A}.Debug|x86.ActiveCfg = Debug|x86
		{23F0AE0C-A148-409B-8603-DB736D306C3A}.Debug|x86.Build.0 = Debug|x86
		{23F0AE0C-A148-409B-8603-DB736D306C3A}.Release|Any CPU.ActiveCfg = Release|Any CPU
		{23F0AE0C-A148-409B-8603-DB736D306C3A}.Release|Any CPU.Build.0 = Release|Any CPU
		{23F0AE0C-A148-409B-8603-DB736D306C3A}.Release|x86.ActiveCfg = Release|x86
		{23F0AE0C-A148-409B-8603-DB736D306C3A}.Release|x86.Build.0 = Release|x86
		{3F789A7D-B584-45C7-885E-E5052B74E1A1}.Debug|Any CPU.ActiveCfg = Debug|Any CPU
		{3F789A7D-B584-45C7-885E-E5052B74E1A1}.Debug|Any CPU.Build.0 = Debug|Any CPU
		{3F789A7D-B584-45C7-885E-E5052B74E1A1}.Debug|x86.ActiveCfg = Debug|x86
		{3F789A7D-B584-45C7-885E-E5052B74E1A1}.Debug|x86.Build.0 = Debug|x86
		{3F789A7D-B584-45C7-885E-E5052B74E1A1}.Release|Any CPU.ActiveCfg = Release|Any CPU
		{3F789A7D-B584-45C7-885E-E5052B74E1A1}.Release|Any CPU.Build.0 = Release|Any CPU
		{3F789A7D-B584-45C7-885E-E5052B74E1A1}.Release|x86.ActiveCfg = Release|x86
		{3F789A7D-B584-45C7-885E-E5052B74E1A1}.Release|x86.Build.0 = Release|x86
		{30B7B116-25A6-4C13-8B67-3A3CAE3573F7}.Debug|Any CPU.ActiveCfg = Debug|Any CPU
		{30B7B116-25A6-4C13-8B67-3A3CAE3573F7}.Debug|Any CPU.Build.0 = Debug|Any CPU
		{30B7B116-25A6-4C13-8B67-3A3CAE3573F7}.Debug|x86.ActiveCfg = Debug|x86
		{30B7B116-25A6-4C13-8B67-3A3CAE3573F7}.Debug|x86.Build.0 = Debug|x86
		{30B7B116-25A6-4C13-8B67-3A3CAE3573F7}.Release|Any CPU.ActiveCfg = Release|Any CPU
		{30B7B116-25A6-4C13-8B67-3A3CAE3573F7}.Release|Any CPU.Build.0 = Release|Any CPU
		{30B7B116-25A6-4C13-8B67-3A3CAE3573F7}.Release|x86.ActiveCfg = Release|x86
		{30B7B116-25A6-4C13-8B67-3A3CAE3573F7}.Release|x86.Build.0 = Release|x86
	EndGlobalSection
	GlobalSection(SolutionProperties) = preSolution
		HideSolutionNode = FALSE
	EndGlobalSection
	GlobalSection(NestedProjects) = preSolution
		{45FBEFB6-5708-4A29-9664-69725B601F5F} = {9101D86C-EA3E-4B9E-BE24-41C8FFCD3191}
		{5860694A-E885-4119-AB4A-3BE558EC6224} = {9101D86C-EA3E-4B9E-BE24-41C8FFCD3191}
		{B5EF801B-0640-4C29-90D9-9AF47A80A0C3} = {9101D86C-EA3E-4B9E-BE24-41C8FFCD3191}
		{4CF44F5E-4B15-4A78-9780-2D9202F9E3EE} = {9101D86C-EA3E-4B9E-BE24-41C8FFCD3191}
		{23F0AE0C-A148-409B-8603-DB736D306C3A} = {9101D86C-EA3E-4B9E-BE24-41C8FFCD3191}
		{3F789A7D-B584-45C7-885E-E5052B74E1A1} = {9101D86C-EA3E-4B9E-BE24-41C8FFCD3191}
		{30B7B116-25A6-4C13-8B67-3A3CAE3573F7} = {9101D86C-EA3E-4B9E-BE24-41C8FFCD3191}
	EndGlobalSection
	GlobalSection(ExtensibilityGlobals) = postSolution
		SolutionGuid = {9258DC23-0A92-4BDC-8095-973A2E12561F}
	EndGlobalSection
	GlobalSection(SubversionScc) = preSolution
		Svn-Managed = True
		Manager = AnkhSVN - Subversion Support for Visual Studio
	EndGlobalSection
EndGlobal
